
Microsoft Visual Studio Solution File, Format Version 12.00
# Visual Studio Version 17
VisualStudioVersion = 17.14.36121.58
MinimumVisualStudioVersion = 10.0.40219.1
Project("{FAE04EC0-301F-11D3-BF4B-00C04F79EFBC}") = "Demo", "Demo\Demo.csproj", "{55DF4000-3BDF-4F38-9C0A-C73A17328913}"
EndProject
Project("{FAE04EC0-301F-11D3-BF4B-00C04F79EFBC}") = "Assignment", "Assignment\Assignment.csproj", "{D25D0620-1F85-4466-85F1-091BECE0A00F}"
EndProject
Project("{FAE04EC0-301F-11D3-BF4B-00C04F79EFBC}") = "Third Project (e-commerce)", "Third Project (e-commerce)\Third Project (e-commerce).csproj", "{C2F02C66-AB9D-4DCB-8FCE-216805745B97}"
EndProject
Global
	GlobalSection(SolutionConfigurationPlatforms) = preSolution
		Debug|Any CPU = Debug|Any CPU
		Release|Any CPU = Release|Any CPU
	EndGlobalSection
	GlobalSection(ProjectConfigurationPlatforms) = postSolution
		{55DF4000-3BDF-4F38-9C0A-C73A17328913}.Debug|Any CPU.ActiveCfg = Debug|Any CPU
		{55DF4000-3BDF-4F38-9C0A-C73A17328913}.Debug|Any CPU.Build.0 = Debug|Any CPU
		{55DF4000-3BDF-4F38-9C0A-C73A17328913}.Release|Any CPU.ActiveCfg = Release|Any CPU
		{55DF4000-3BDF-4F38-9C0A-C73A17328913}.Release|Any CPU.Build.0 = Release|Any CPU
		{D25D0620-1F85-4466-85F1-091BECE0A00F}.Debug|Any CPU.ActiveCfg = Debug|Any CPU
		{D25D0620-1F85-4466-85F1-091BECE0A00F}.Debug|Any CPU.Build.0 = Debug|Any CPU
		{D25D0620-1F85-4466-85F1-091BECE0A00F}.Release|Any CPU.ActiveCfg = Release|Any CPU
		{D25D0620-1F85-4466-85F1-091BECE0A00F}.Release|Any CPU.Build.0 = Release|Any CPU
		{C2F02C66-AB9D-4DCB-8FCE-216805745B97}.Debug|Any CPU.ActiveCfg = Debug|Any CPU
		{C2F02C66-AB9D-4DCB-8FCE-216805745B97}.Debug|Any CPU.Build.0 = Debug|Any CPU
		{C2F02C66-AB9D-4DCB-8FCE-216805745B97}.Release|Any CPU.ActiveCfg = Release|Any CPU
		{C2F02C66-AB9D-4DCB-8FCE-216805745B97}.Release|Any CPU.Build.0 = Release|Any CPU
	EndGlobalSection
	GlobalSection(SolutionProperties) = preSolution
		HideSolutionNode = FALSE
	EndGlobalSection
	GlobalSection(ExtensibilityGlobals) = postSolution
		SolutionGuid = {8CC2DE78-C9B8-4F7C-8EE9-9EECEA2ED793}
	EndGlobalSection
EndGlobal
